
Microsoft Visual Studio Solution File, Format Version 12.00
# Visual Studio Version 17
VisualStudioVersion = 17.10.34916.146
MinimumVisualStudioVersion = 10.0.40219.1
Project("{2150E333-8FDC-42A3-9474-1A3956D46DE8}") = "Backend", "Backend", "{988D9F8B-381E-4A95-A042-86D2B5BA39C8}"
EndProject
Project("{2150E333-8FDC-42A3-9474-1A3956D46DE8}") = "src", "src", "{9AB06C4D-4BF1-4028-A139-F9316E84D274}"
EndProject
Project("{2150E333-8FDC-42A3-9474-1A3956D46DE8}") = "FrontEnd", "FrontEnd", "{1194E785-B0F1-4670-92A0-B3009F4226B8}"
EndProject
Project("{2150E333-8FDC-42A3-9474-1A3956D46DE8}") = "Common", "Common", "{01907711-1984-4820-A578-0142AB5F4518}"
EndProject
Project("{2150E333-8FDC-42A3-9474-1A3956D46DE8}") = "Infraestructure", "Infraestructure", "{32631CCC-F276-40AA-9A18-3D8805AC15B4}"
EndProject
Project("{2150E333-8FDC-42A3-9474-1A3956D46DE8}") = "Modules", "Modules", "{B4C98527-19A4-4C0C-AAAE-683E0E86A26B}"
EndProject
Project("{9A19103F-16F7-4668-BE54-9A1E7A4F7556}") = "BoletoBus.Common.Data", "BoletoBus.Common.Data\BoletoBus.Common.Data.csproj", "{99E7ACDC-58C3-4008-A7CB-19110E485D7C}"
EndProject
Project("{9A19103F-16F7-4668-BE54-9A1E7A4F7556}") = "Boletobus.Infraestructure", "Boletobus.Infraestructure\Boletobus.Infraestructure.csproj", "{5F722D33-9B46-4274-9C1A-D299AA24AE71}"
EndProject
Project("{2150E333-8FDC-42A3-9474-1A3956D46DE8}") = "Apis", "Apis", "{DAD2D18F-21FC-4857-9FA3-3EAEA147B514}"
EndProject
Project("{2150E333-8FDC-42A3-9474-1A3956D46DE8}") = "Reserva Management", "Reserva Management", "{9AFE1866-AB58-44EC-B5B3-9DD0AC280EEA}"
EndProject
Project("{2150E333-8FDC-42A3-9474-1A3956D46DE8}") = "Application", "Application", "{46CFB03B-0606-4488-9BA1-D3C50039C25F}"
EndProject
Project("{2150E333-8FDC-42A3-9474-1A3956D46DE8}") = "Domain", "Domain", "{B122BCD7-972C-4CB1-8421-204265AF12C5}"
EndProject
Project("{2150E333-8FDC-42A3-9474-1A3956D46DE8}") = "Persistence", "Persistence", "{D1352B5C-846D-48F3-9F1E-C4816BDB6A60}"
EndProject
Project("{2150E333-8FDC-42A3-9474-1A3956D46DE8}") = "ReservaDetalle Management", "ReservaDetalle Management", "{E6F3E8C9-AB1B-401D-8B88-D4E7603C7D69}"
EndProject
Project("{2150E333-8FDC-42A3-9474-1A3956D46DE8}") = "Ruta Management", "Ruta Management", "{1A02ED13-D587-4D81-9867-0E8D68165AEF}"
EndProject
Project("{2150E333-8FDC-42A3-9474-1A3956D46DE8}") = "Viaje Management", "Viaje Management", "{C0094623-EA9D-4529-ACA7-29BA51017937}"
EndProject
Project("{2150E333-8FDC-42A3-9474-1A3956D46DE8}") = "Apis", "Apis", "{7FE905FF-5313-44AE-ACDF-808DC331A5C5}"
EndProject
Project("{2150E333-8FDC-42A3-9474-1A3956D46DE8}") = "Application", "Application", "{3AE27EC8-8693-420B-9CF4-0245AD87C016}"
EndProject
Project("{2150E333-8FDC-42A3-9474-1A3956D46DE8}") = "Domain", "Domain", "{5C7D21C7-C48D-423B-A25B-D9F535FB0979}"
EndProject
Project("{2150E333-8FDC-42A3-9474-1A3956D46DE8}") = "Persistence", "Persistence", "{A3CAB1EE-6846-421C-B5AC-34A22A27B293}"
EndProject
Project("{2150E333-8FDC-42A3-9474-1A3956D46DE8}") = "Apis", "Apis", "{204ADDA5-252B-4D04-AB14-41DDACB3370C}"
EndProject
Project("{2150E333-8FDC-42A3-9474-1A3956D46DE8}") = "Application", "Application", "{85D38FD3-8E0F-47D4-B2F2-F05ABF2BFD1F}"
EndProject
Project("{2150E333-8FDC-42A3-9474-1A3956D46DE8}") = "Domain", "Domain", "{013C55F3-C552-4247-A6D5-E722702800C4}"
EndProject
Project("{2150E333-8FDC-42A3-9474-1A3956D46DE8}") = "Persistence", "Persistence", "{9E5EFD5C-E104-4926-AD23-775A3B1BFD40}"
EndProject
Project("{2150E333-8FDC-42A3-9474-1A3956D46DE8}") = "Apis", "Apis", "{035B0C54-8924-4B7F-98B8-9B862D7CC17E}"
EndProject
Project("{2150E333-8FDC-42A3-9474-1A3956D46DE8}") = "Application", "Application", "{C3901008-EECC-446F-9B08-49EFD24B7D4A}"
EndProject
Project("{2150E333-8FDC-42A3-9474-1A3956D46DE8}") = "Domain", "Domain", "{598F84CB-B9E4-4415-9E61-73EBF3AE7F36}"
EndProject
Project("{2150E333-8FDC-42A3-9474-1A3956D46DE8}") = "Persistence", "Persistence", "{E5A7ACD0-FE9E-4A6C-BD1F-03E52BE9ECAE}"
EndProject
Project("{FAE04EC0-301F-11D3-BF4B-00C04F79EFBC}") = "BoletoBus.Reserva.Api", "BoletoBus.Reserva.Api\BoletoBus.Reserva.Api.csproj", "{189682AA-20BF-46E5-85EC-F02E59AE548A}"
EndProject
Project("{FAE04EC0-301F-11D3-BF4B-00C04F79EFBC}") = "BoletoBus.ReservaDetalle.Api", "BoletoBus.ReservaDetalle.Api\BoletoBus.ReservaDetalle.Api.csproj", "{68E9BDB8-8617-46D6-8E7B-2840E27DBEDD}"
EndProject
Project("{FAE04EC0-301F-11D3-BF4B-00C04F79EFBC}") = "BoletoBus.Ruta.Api", "BoletoBus.Ruta.Api\BoletoBus.Ruta.Api.csproj", "{EB2940EB-AD0A-4828-BEC6-3D8F48BCED4B}"
EndProject
Project("{FAE04EC0-301F-11D3-BF4B-00C04F79EFBC}") = "BoletoBus.Viaje.Api", "BoletoBus.Viaje.Api\BoletoBus.Viaje.Api.csproj", "{A4D55049-8E01-45CD-B57C-B7E96965E75B}"
EndProject
Project("{FAE04EC0-301F-11D3-BF4B-00C04F79EFBC}") = "BoletoBus.Reserva.Application", "BoletoBus.Reserva.Application\BoletoBus.Reserva.Application.csproj", "{143F65FC-51C9-4056-BF48-34257923D9A6}"
EndProject
Project("{FAE04EC0-301F-11D3-BF4B-00C04F79EFBC}") = "BoletoBus.Reserva.Domain", "BoletoBus.Reserva.Domain\BoletoBus.Reserva.Domain.csproj", "{19185353-9EB7-4F91-AD84-B7FFB46CFD39}"
EndProject
Project("{FAE04EC0-301F-11D3-BF4B-00C04F79EFBC}") = "BoletoBus.Reserva.Persistence", "BoletoBus.Reserva.Persistence\BoletoBus.Reserva.Persistence.csproj", "{6E4064E0-B9CD-4302-817A-F4D02AD716C8}"
EndProject
Project("{FAE04EC0-301F-11D3-BF4B-00C04F79EFBC}") = "BoletoBus.ReservaDetalle.Application", "BoletoBus.ReservaDetalle.Application\BoletoBus.ReservaDetalle.Application.csproj", "{18950B33-A14F-43BE-A206-1C3ECFBA6EB5}"
EndProject
Project("{FAE04EC0-301F-11D3-BF4B-00C04F79EFBC}") = "BoletoBus.ReservaDetalle.Domain", "BoletoBus.ReservaDetalle.Domain\BoletoBus.ReservaDetalle.Domain.csproj", "{D2F1DB17-F81D-47B7-996E-629EA5D61D2B}"
EndProject
Project("{FAE04EC0-301F-11D3-BF4B-00C04F79EFBC}") = "BoletoBus.ReservaDetalle.Persistence", "BoletoBus.ReservaDetalle.Persistence\BoletoBus.ReservaDetalle.Persistence.csproj", "{6B2C81D4-5D07-4C22-B08E-4D15513CCD4B}"
EndProject
Project("{FAE04EC0-301F-11D3-BF4B-00C04F79EFBC}") = "BoletoBus.Ruta.Application", "BoletoBus.Ruta.Application\BoletoBus.Ruta.Application.csproj", "{7EFC158D-4B72-4F59-A607-A2E8BC7FF1CC}"
EndProject
Project("{FAE04EC0-301F-11D3-BF4B-00C04F79EFBC}") = "BoletoBus.Ruta.Domain", "BoletoBus.Ruta.Domain\BoletoBus.Ruta.Domain.csproj", "{020F0F93-DA98-4E75-B38C-3110FC3ECA33}"
EndProject
Project("{FAE04EC0-301F-11D3-BF4B-00C04F79EFBC}") = "BoletoBus.Ruta.Persistence", "BoletoBus.Ruta.Persistence\BoletoBus.Ruta.Persistence.csproj", "{4BB68034-6BE5-4D62-9649-E1A702405F67}"
EndProject
Project("{FAE04EC0-301F-11D3-BF4B-00C04F79EFBC}") = "BoletoBus.Vieaje.Application", "BoletoBus.Vieaje.Application\BoletoBus.Vieaje.Application.csproj", "{7D52E167-62D7-41DE-9FAA-AC12FA5B5DA7}"
EndProject
Project("{FAE04EC0-301F-11D3-BF4B-00C04F79EFBC}") = "BoletoBus.Vieaje.Domain", "BoletoBus.Vieaje.Domain\BoletoBus.Vieaje.Domain.csproj", "{522BF083-4728-403C-9975-6C06792B4DC9}"
EndProject
Project("{FAE04EC0-301F-11D3-BF4B-00C04F79EFBC}") = "BoletoBus.Vieaje.Persistence", "BoletoBus.Vieaje.Persistence\BoletoBus.Vieaje.Persistence.csproj", "{D30EC341-427C-4132-B162-E7F6338BF34B}"
EndProject
Global
	GlobalSection(SolutionConfigurationPlatforms) = preSolution
		Debug|Any CPU = Debug|Any CPU
		Release|Any CPU = Release|Any CPU
	EndGlobalSection
	GlobalSection(ProjectConfigurationPlatforms) = postSolution
		{99E7ACDC-58C3-4008-A7CB-19110E485D7C}.Debug|Any CPU.ActiveCfg = Debug|Any CPU
		{99E7ACDC-58C3-4008-A7CB-19110E485D7C}.Debug|Any CPU.Build.0 = Debug|Any CPU
		{99E7ACDC-58C3-4008-A7CB-19110E485D7C}.Release|Any CPU.ActiveCfg = Release|Any CPU
		{99E7ACDC-58C3-4008-A7CB-19110E485D7C}.Release|Any CPU.Build.0 = Release|Any CPU
		{5F722D33-9B46-4274-9C1A-D299AA24AE71}.Debug|Any CPU.ActiveCfg = Debug|Any CPU
		{5F722D33-9B46-4274-9C1A-D299AA24AE71}.Debug|Any CPU.Build.0 = Debug|Any CPU
		{5F722D33-9B46-4274-9C1A-D299AA24AE71}.Release|Any CPU.ActiveCfg = Release|Any CPU
		{5F722D33-9B46-4274-9C1A-D299AA24AE71}.Release|Any CPU.Build.0 = Release|Any CPU
		{189682AA-20BF-46E5-85EC-F02E59AE548A}.Debug|Any CPU.ActiveCfg = Debug|Any CPU
		{189682AA-20BF-46E5-85EC-F02E59AE548A}.Debug|Any CPU.Build.0 = Debug|Any CPU
		{189682AA-20BF-46E5-85EC-F02E59AE548A}.Release|Any CPU.ActiveCfg = Release|Any CPU
		{189682AA-20BF-46E5-85EC-F02E59AE548A}.Release|Any CPU.Build.0 = Release|Any CPU
		{68E9BDB8-8617-46D6-8E7B-2840E27DBEDD}.Debug|Any CPU.ActiveCfg = Debug|Any CPU
		{68E9BDB8-8617-46D6-8E7B-2840E27DBEDD}.Debug|Any CPU.Build.0 = Debug|Any CPU
		{68E9BDB8-8617-46D6-8E7B-2840E27DBEDD}.Release|Any CPU.ActiveCfg = Release|Any CPU
		{68E9BDB8-8617-46D6-8E7B-2840E27DBEDD}.Release|Any CPU.Build.0 = Release|Any CPU
		{EB2940EB-AD0A-4828-BEC6-3D8F48BCED4B}.Debug|Any CPU.ActiveCfg = Debug|Any CPU
		{EB2940EB-AD0A-4828-BEC6-3D8F48BCED4B}.Debug|Any CPU.Build.0 = Debug|Any CPU
		{EB2940EB-AD0A-4828-BEC6-3D8F48BCED4B}.Release|Any CPU.ActiveCfg = Release|Any CPU
		{EB2940EB-AD0A-4828-BEC6-3D8F48BCED4B}.Release|Any CPU.Build.0 = Release|Any CPU
		{A4D55049-8E01-45CD-B57C-B7E96965E75B}.Debug|Any CPU.ActiveCfg = Debug|Any CPU
		{A4D55049-8E01-45CD-B57C-B7E96965E75B}.Debug|Any CPU.Build.0 = Debug|Any CPU
		{A4D55049-8E01-45CD-B57C-B7E96965E75B}.Release|Any CPU.ActiveCfg = Release|Any CPU
		{A4D55049-8E01-45CD-B57C-B7E96965E75B}.Release|Any CPU.Build.0 = Release|Any CPU
		{143F65FC-51C9-4056-BF48-34257923D9A6}.Debug|Any CPU.ActiveCfg = Debug|Any CPU
		{143F65FC-51C9-4056-BF48-34257923D9A6}.Debug|Any CPU.Build.0 = Debug|Any CPU
		{143F65FC-51C9-4056-BF48-34257923D9A6}.Release|Any CPU.ActiveCfg = Release|Any CPU
		{143F65FC-51C9-4056-BF48-34257923D9A6}.Release|Any CPU.Build.0 = Release|Any CPU
		{19185353-9EB7-4F91-AD84-B7FFB46CFD39}.Debug|Any CPU.ActiveCfg = Debug|Any CPU
		{19185353-9EB7-4F91-AD84-B7FFB46CFD39}.Debug|Any CPU.Build.0 = Debug|Any CPU
		{19185353-9EB7-4F91-AD84-B7FFB46CFD39}.Release|Any CPU.ActiveCfg = Release|Any CPU
		{19185353-9EB7-4F91-AD84-B7FFB46CFD39}.Release|Any CPU.Build.0 = Release|Any CPU
		{6E4064E0-B9CD-4302-817A-F4D02AD716C8}.Debug|Any CPU.ActiveCfg = Debug|Any CPU
		{6E4064E0-B9CD-4302-817A-F4D02AD716C8}.Debug|Any CPU.Build.0 = Debug|Any CPU
		{6E4064E0-B9CD-4302-817A-F4D02AD716C8}.Release|Any CPU.ActiveCfg = Release|Any CPU
		{6E4064E0-B9CD-4302-817A-F4D02AD716C8}.Release|Any CPU.Build.0 = Release|Any CPU
		{18950B33-A14F-43BE-A206-1C3ECFBA6EB5}.Debug|Any CPU.ActiveCfg = Debug|Any CPU
		{18950B33-A14F-43BE-A206-1C3ECFBA6EB5}.Debug|Any CPU.Build.0 = Debug|Any CPU
		{18950B33-A14F-43BE-A206-1C3ECFBA6EB5}.Release|Any CPU.ActiveCfg = Release|Any CPU
		{18950B33-A14F-43BE-A206-1C3ECFBA6EB5}.Release|Any CPU.Build.0 = Release|Any CPU
		{D2F1DB17-F81D-47B7-996E-629EA5D61D2B}.Debug|Any CPU.ActiveCfg = Debug|Any CPU
		{D2F1DB17-F81D-47B7-996E-629EA5D61D2B}.Debug|Any CPU.Build.0 = Debug|Any CPU
		{D2F1DB17-F81D-47B7-996E-629EA5D61D2B}.Release|Any CPU.ActiveCfg = Release|Any CPU
		{D2F1DB17-F81D-47B7-996E-629EA5D61D2B}.Release|Any CPU.Build.0 = Release|Any CPU
		{6B2C81D4-5D07-4C22-B08E-4D15513CCD4B}.Debug|Any CPU.ActiveCfg = Debug|Any CPU
		{6B2C81D4-5D07-4C22-B08E-4D15513CCD4B}.Debug|Any CPU.Build.0 = Debug|Any CPU
		{6B2C81D4-5D07-4C22-B08E-4D15513CCD4B}.Release|Any CPU.ActiveCfg = Release|Any CPU
		{6B2C81D4-5D07-4C22-B08E-4D15513CCD4B}.Release|Any CPU.Build.0 = Release|Any CPU
		{7EFC158D-4B72-4F59-A607-A2E8BC7FF1CC}.Debug|Any CPU.ActiveCfg = Debug|Any CPU
		{7EFC158D-4B72-4F59-A607-A2E8BC7FF1CC}.Debug|Any CPU.Build.0 = Debug|Any CPU
		{7EFC158D-4B72-4F59-A607-A2E8BC7FF1CC}.Release|Any CPU.ActiveCfg = Release|Any CPU
		{7EFC158D-4B72-4F59-A607-A2E8BC7FF1CC}.Release|Any CPU.Build.0 = Release|Any CPU
		{020F0F93-DA98-4E75-B38C-3110FC3ECA33}.Debug|Any CPU.ActiveCfg = Debug|Any CPU
		{020F0F93-DA98-4E75-B38C-3110FC3ECA33}.Debug|Any CPU.Build.0 = Debug|Any CPU
		{020F0F93-DA98-4E75-B38C-3110FC3ECA33}.Release|Any CPU.ActiveCfg = Release|Any CPU
		{020F0F93-DA98-4E75-B38C-3110FC3ECA33}.Release|Any CPU.Build.0 = Release|Any CPU
		{4BB68034-6BE5-4D62-9649-E1A702405F67}.Debug|Any CPU.ActiveCfg = Debug|Any CPU
		{4BB68034-6BE5-4D62-9649-E1A702405F67}.Debug|Any CPU.Build.0 = Debug|Any CPU
		{4BB68034-6BE5-4D62-9649-E1A702405F67}.Release|Any CPU.ActiveCfg = Release|Any CPU
		{4BB68034-6BE5-4D62-9649-E1A702405F67}.Release|Any CPU.Build.0 = Release|Any CPU
		{7D52E167-62D7-41DE-9FAA-AC12FA5B5DA7}.Debug|Any CPU.ActiveCfg = Debug|Any CPU
		{7D52E167-62D7-41DE-9FAA-AC12FA5B5DA7}.Debug|Any CPU.Build.0 = Debug|Any CPU
		{7D52E167-62D7-41DE-9FAA-AC12FA5B5DA7}.Release|Any CPU.ActiveCfg = Release|Any CPU
		{7D52E167-62D7-41DE-9FAA-AC12FA5B5DA7}.Release|Any CPU.Build.0 = Release|Any CPU
		{522BF083-4728-403C-9975-6C06792B4DC9}.Debug|Any CPU.ActiveCfg = Debug|Any CPU
		{522BF083-4728-403C-9975-6C06792B4DC9}.Debug|Any CPU.Build.0 = Debug|Any CPU
		{522BF083-4728-403C-9975-6C06792B4DC9}.Release|Any CPU.ActiveCfg = Release|Any CPU
		{522BF083-4728-403C-9975-6C06792B4DC9}.Release|Any CPU.Build.0 = Release|Any CPU
		{D30EC341-427C-4132-B162-E7F6338BF34B}.Debug|Any CPU.ActiveCfg = Debug|Any CPU
		{D30EC341-427C-4132-B162-E7F6338BF34B}.Debug|Any CPU.Build.0 = Debug|Any CPU
		{D30EC341-427C-4132-B162-E7F6338BF34B}.Release|Any CPU.ActiveCfg = Release|Any CPU
		{D30EC341-427C-4132-B162-E7F6338BF34B}.Release|Any CPU.Build.0 = Release|Any CPU
	EndGlobalSection
	GlobalSection(SolutionProperties) = preSolution
		HideSolutionNode = FALSE
	EndGlobalSection
	GlobalSection(NestedProjects) = preSolution
		{988D9F8B-381E-4A95-A042-86D2B5BA39C8} = {9AB06C4D-4BF1-4028-A139-F9316E84D274}
		{1194E785-B0F1-4670-92A0-B3009F4226B8} = {9AB06C4D-4BF1-4028-A139-F9316E84D274}
		{01907711-1984-4820-A578-0142AB5F4518} = {988D9F8B-381E-4A95-A042-86D2B5BA39C8}
		{32631CCC-F276-40AA-9A18-3D8805AC15B4} = {988D9F8B-381E-4A95-A042-86D2B5BA39C8}
		{B4C98527-19A4-4C0C-AAAE-683E0E86A26B} = {988D9F8B-381E-4A95-A042-86D2B5BA39C8}
		{99E7ACDC-58C3-4008-A7CB-19110E485D7C} = {01907711-1984-4820-A578-0142AB5F4518}
		{5F722D33-9B46-4274-9C1A-D299AA24AE71} = {32631CCC-F276-40AA-9A18-3D8805AC15B4}
		{DAD2D18F-21FC-4857-9FA3-3EAEA147B514} = {E6F3E8C9-AB1B-401D-8B88-D4E7603C7D69}
		{9AFE1866-AB58-44EC-B5B3-9DD0AC280EEA} = {B4C98527-19A4-4C0C-AAAE-683E0E86A26B}
		{46CFB03B-0606-4488-9BA1-D3C50039C25F} = {9AFE1866-AB58-44EC-B5B3-9DD0AC280EEA}
		{B122BCD7-972C-4CB1-8421-204265AF12C5} = {9AFE1866-AB58-44EC-B5B3-9DD0AC280EEA}
		{D1352B5C-846D-48F3-9F1E-C4816BDB6A60} = {9AFE1866-AB58-44EC-B5B3-9DD0AC280EEA}
		{E6F3E8C9-AB1B-401D-8B88-D4E7603C7D69} = {B4C98527-19A4-4C0C-AAAE-683E0E86A26B}
		{1A02ED13-D587-4D81-9867-0E8D68165AEF} = {B4C98527-19A4-4C0C-AAAE-683E0E86A26B}
		{C0094623-EA9D-4529-ACA7-29BA51017937} = {B4C98527-19A4-4C0C-AAAE-683E0E86A26B}
		{7FE905FF-5313-44AE-ACDF-808DC331A5C5} = {9AFE1866-AB58-44EC-B5B3-9DD0AC280EEA}
		{3AE27EC8-8693-420B-9CF4-0245AD87C016} = {E6F3E8C9-AB1B-401D-8B88-D4E7603C7D69}
		{5C7D21C7-C48D-423B-A25B-D9F535FB0979} = {E6F3E8C9-AB1B-401D-8B88-D4E7603C7D69}
		{A3CAB1EE-6846-421C-B5AC-34A22A27B293} = {E6F3E8C9-AB1B-401D-8B88-D4E7603C7D69}
		{204ADDA5-252B-4D04-AB14-41DDACB3370C} = {1A02ED13-D587-4D81-9867-0E8D68165AEF}
		{85D38FD3-8E0F-47D4-B2F2-F05ABF2BFD1F} = {1A02ED13-D587-4D81-9867-0E8D68165AEF}
		{013C55F3-C552-4247-A6D5-E722702800C4} = {1A02ED13-D587-4D81-9867-0E8D68165AEF}
		{9E5EFD5C-E104-4926-AD23-775A3B1BFD40} = {1A02ED13-D587-4D81-9867-0E8D68165AEF}
		{035B0C54-8924-4B7F-98B8-9B862D7CC17E} = {C0094623-EA9D-4529-ACA7-29BA51017937}
		{C3901008-EECC-446F-9B08-49EFD24B7D4A} = {C0094623-EA9D-4529-ACA7-29BA51017937}
		{598F84CB-B9E4-4415-9E61-73EBF3AE7F36} = {C0094623-EA9D-4529-ACA7-29BA51017937}
		{E5A7ACD0-FE9E-4A6C-BD1F-03E52BE9ECAE} = {C0094623-EA9D-4529-ACA7-29BA51017937}
		{189682AA-20BF-46E5-85EC-F02E59AE548A} = {7FE905FF-5313-44AE-ACDF-808DC331A5C5}
		{68E9BDB8-8617-46D6-8E7B-2840E27DBEDD} = {DAD2D18F-21FC-4857-9FA3-3EAEA147B514}
		{EB2940EB-AD0A-4828-BEC6-3D8F48BCED4B} = {204ADDA5-252B-4D04-AB14-41DDACB3370C}
		{A4D55049-8E01-45CD-B57C-B7E96965E75B} = {035B0C54-8924-4B7F-98B8-9B862D7CC17E}
		{143F65FC-51C9-4056-BF48-34257923D9A6} = {46CFB03B-0606-4488-9BA1-D3C50039C25F}
		{19185353-9EB7-4F91-AD84-B7FFB46CFD39} = {B122BCD7-972C-4CB1-8421-204265AF12C5}
		{6E4064E0-B9CD-4302-817A-F4D02AD716C8} = {D1352B5C-846D-48F3-9F1E-C4816BDB6A60}
		{18950B33-A14F-43BE-A206-1C3ECFBA6EB5} = {3AE27EC8-8693-420B-9CF4-0245AD87C016}
		{D2F1DB17-F81D-47B7-996E-629EA5D61D2B} = {5C7D21C7-C48D-423B-A25B-D9F535FB0979}
		{6B2C81D4-5D07-4C22-B08E-4D15513CCD4B} = {A3CAB1EE-6846-421C-B5AC-34A22A27B293}
		{7EFC158D-4B72-4F59-A607-A2E8BC7FF1CC} = {85D38FD3-8E0F-47D4-B2F2-F05ABF2BFD1F}
		{020F0F93-DA98-4E75-B38C-3110FC3ECA33} = {013C55F3-C552-4247-A6D5-E722702800C4}
		{4BB68034-6BE5-4D62-9649-E1A702405F67} = {9E5EFD5C-E104-4926-AD23-775A3B1BFD40}
		{7D52E167-62D7-41DE-9FAA-AC12FA5B5DA7} = {C3901008-EECC-446F-9B08-49EFD24B7D4A}
		{522BF083-4728-403C-9975-6C06792B4DC9} = {598F84CB-B9E4-4415-9E61-73EBF3AE7F36}
		{D30EC341-427C-4132-B162-E7F6338BF34B} = {E5A7ACD0-FE9E-4A6C-BD1F-03E52BE9ECAE}
	EndGlobalSection
	GlobalSection(ExtensibilityGlobals) = postSolution
		SolutionGuid = {7CFB66C4-8ADA-41A5-9251-34B833900D40}
	EndGlobalSection
EndGlobal
